// !$*UTF8*$!
{
	archiveVersion = 1;
	classes = {
	};
	objectVersion = 46;
	objects = {

/* Begin PBXBuildFile section */
		8012063B1DF8772400587226 /* vid.mov in Resources */ = {isa = PBXBuildFile; fileRef = 8012063A1DF8772400587226 /* vid.mov */; };
		803704F91DF3536700C86493 /* Assets.xcassets in Resources */ = {isa = PBXBuildFile; fileRef = 803704F81DF3536700C86493 /* Assets.xcassets */; };
		80AD61F71DF86F8400A25293 /* MediaPlayer.framework in Frameworks */ = {isa = PBXBuildFile; fileRef = 80AD61F51DF86DF900A25293 /* MediaPlayer.framework */; };
		80F154771DF1D0C900A76E58 /* AppDelegate.swift in Sources */ = {isa = PBXBuildFile; fileRef = 80F154761DF1D0C900A76E58 /* AppDelegate.swift */; };
		80F154791DF1D0C900A76E58 /* ViewController.swift in Sources */ = {isa = PBXBuildFile; fileRef = 80F154781DF1D0C900A76E58 /* ViewController.swift */; };
		80F1547C1DF1D0C900A76E58 /* Main.storyboard in Resources */ = {isa = PBXBuildFile; fileRef = 80F1547A1DF1D0C900A76E58 /* Main.storyboard */; };
		80F154811DF1D0C900A76E58 /* LaunchScreen.storyboard in Resources */ = {isa = PBXBuildFile; fileRef = 80F1547F1DF1D0C900A76E58 /* LaunchScreen.storyboard */; };
/* End PBXBuildFile section */

/* Begin PBXFileReference section */
		8012063A1DF8772400587226 /* vid.mov */ = {isa = PBXFileReference; lastKnownFileType = video.quicktime; path = vid.mov; sourceTree = "<group>"; };
		803704F81DF3536700C86493 /* Assets.xcassets */ = {isa = PBXFileReference; lastKnownFileType = folder.assetcatalog; path = Assets.xcassets; sourceTree = "<group>"; };
		80AD61F51DF86DF900A25293 /* MediaPlayer.framework */ = {isa = PBXFileReference; lastKnownFileType = wrapper.framework; name = MediaPlayer.framework; path = System/Library/Frameworks/MediaPlayer.framework; sourceTree = SDKROOT; };
		80F154731DF1D0C900A76E58 /* WeathAR.app */ = {isa = PBXFileReference; explicitFileType = wrapper.application; includeInIndex = 0; path = WeathAR.app; sourceTree = BUILT_PRODUCTS_DIR; };
		80F154761DF1D0C900A76E58 /* AppDelegate.swift */ = {isa = PBXFileReference; lastKnownFileType = sourcecode.swift; path = AppDelegate.swift; sourceTree = "<group>"; };
		80F154781DF1D0C900A76E58 /* ViewController.swift */ = {isa = PBXFileReference; lastKnownFileType = sourcecode.swift; path = ViewController.swift; sourceTree = "<group>"; };
		80F1547B1DF1D0C900A76E58 /* Base */ = {isa = PBXFileReference; lastKnownFileType = file.storyboard; name = Base; path = Base.lproj/Main.storyboard; sourceTree = "<group>"; };
		80F154801DF1D0C900A76E58 /* Base */ = {isa = PBXFileReference; lastKnownFileType = file.storyboard; name = Base; path = Base.lproj/LaunchScreen.storyboard; sourceTree = "<group>"; };
		80F154821DF1D0C900A76E58 /* Info.plist */ = {isa = PBXFileReference; lastKnownFileType = text.plist.xml; path = Info.plist; sourceTree = "<group>"; };
/* End PBXFileReference section */

/* Begin PBXFrameworksBuildPhase section */
		80F154701DF1D0C900A76E58 /* Frameworks */ = {
			isa = PBXFrameworksBuildPhase;
			buildActionMask = 2147483647;
			files = (
				80AD61F71DF86F8400A25293 /* MediaPlayer.framework in Frameworks */,
			);
			runOnlyForDeploymentPostprocessing = 0;
		};
/* End PBXFrameworksBuildPhase section */

/* Begin PBXGroup section */
		80AD61F41DF86DF900A25293 /* Frameworks */ = {
			isa = PBXGroup;
			children = (
				80AD61F51DF86DF900A25293 /* MediaPlayer.framework */,
			);
			name = Frameworks;
			sourceTree = "<group>";
		};
		80F1546A1DF1D0C800A76E58 = {
			isa = PBXGroup;
			children = (
				8012063A1DF8772400587226 /* vid.mov */,
				80F154751DF1D0C900A76E58 /* WeathAR */,
				80F154741DF1D0C900A76E58 /* Products */,
				80AD61F41DF86DF900A25293 /* Frameworks */,
			);
			sourceTree = "<group>";
		};
		80F154741DF1D0C900A76E58 /* Products */ = {
			isa = PBXGroup;
			children = (
				80F154731DF1D0C900A76E58 /* WeathAR.app */,
			);
			name = Products;
			sourceTree = "<group>";
		};
		80F154751DF1D0C900A76E58 /* WeathAR */ = {
			isa = PBXGroup;
			children = (
				80F154761DF1D0C900A76E58 /* AppDelegate.swift */,
				80F154781DF1D0C900A76E58 /* ViewController.swift */,
				80F1547A1DF1D0C900A76E58 /* Main.storyboard */,
				80F1547F1DF1D0C900A76E58 /* LaunchScreen.storyboard */,
				803704F81DF3536700C86493 /* Assets.xcassets */,
				80F154821DF1D0C900A76E58 /* Info.plist */,
			);
			path = WeathAR;
			sourceTree = "<group>";
		};
/* End PBXGroup section */

/* Begin PBXNativeTarget section */
		80F154721DF1D0C900A76E58 /* WeathAR */ = {
			isa = PBXNativeTarget;
			buildConfigurationList = 80F154851DF1D0C900A76E58 /* Build configuration list for PBXNativeTarget "WeathAR" */;
			buildPhases = (
				80F1546F1DF1D0C900A76E58 /* Sources */,
				80F154701DF1D0C900A76E58 /* Frameworks */,
				80F154711DF1D0C900A76E58 /* Resources */,
			);
			buildRules = (
			);
			dependencies = (
			);
			name = WeathAR;
			productName = WeathAR;
			productReference = 80F154731DF1D0C900A76E58 /* WeathAR.app */;
			productType = "com.apple.product-type.application";
		};
/* End PBXNativeTarget section */

/* Begin PBXProject section */
		80F1546B1DF1D0C800A76E58 /* Project object */ = {
			isa = PBXProject;
			attributes = {
				LastSwiftUpdateCheck = 0810;
				LastUpgradeCheck = 0810;
				ORGANIZATIONNAME = "Daniel Stagnaro";
				TargetAttributes = {
					80F154721DF1D0C900A76E58 = {
						CreatedOnToolsVersion = 8.1;
						DevelopmentTeam = 579ZU6ZTGE;
						ProvisioningStyle = Automatic;
					};
				};
			};
			buildConfigurationList = 80F1546E1DF1D0C800A76E58 /* Build configuration list for PBXProject "WeathAR" */;
			compatibilityVersion = "Xcode 3.2";
			developmentRegion = English;
			hasScannedForEncodings = 0;
			knownRegions = (
				en,
				Base,
			);
			mainGroup = 80F1546A1DF1D0C800A76E58;
			productRefGroup = 80F154741DF1D0C900A76E58 /* Products */;
			projectDirPath = "";
			projectRoot = "";
			targets = (
				80F154721DF1D0C900A76E58 /* WeathAR */,
			);
		};
/* End PBXProject section */

/* Begin PBXResourcesBuildPhase section */
		80F154711DF1D0C900A76E58 /* Resources */ = {
			isa = PBXResourcesBuildPhase;
			buildActionMask = 2147483647;
			files = (
				8012063B1DF8772400587226 /* vid.mov in Resources */,
				80F154811DF1D0C900A76E58 /* LaunchScreen.storyboard in Resources */,
				803704F91DF3536700C86493 /* Assets.xcassets in Resources */,
				80F1547C1DF1D0C900A76E58 /* Main.storyboard in Resources */,
			);
			runOnlyForDeploymentPostprocessing = 0;
		};
/* End PBXResourcesBuildPhase section */

/* Begin PBXSourcesBuildPhase section */
		80F1546F1DF1D0C900A76E58 /* Sources */ = {
			isa = PBXSourcesBuildPhase;
			buildActionMask = 2147483647;
			files = (
				80F154791DF1D0C900A76E58 /* ViewController.swift in Sources */,
				80F154771DF1D0C900A76E58 /* AppDelegate.swift in Sources */,
			);
			runOnlyForDeploymentPostprocessing = 0;
		};
/* End PBXSourcesBuildPhase section */

/* Begin PBXVariantGroup section */
		80F1547A1DF1D0C900A76E58 /* Main.storyboard */ = {
			isa = PBXVariantGroup;
			children = (
				80F1547B1DF1D0C900A76E58 /* Base */,
			);
			name = Main.storyboard;
			sourceTree = "<group>";
		};
		80F1547F1DF1D0C900A76E58 /* LaunchScreen.storyboard */ = {
			isa = PBXVariantGroup;
			children = (
				80F154801DF1D0C900A76E58 /* Base */,
			);
			name = LaunchScreen.storyboard;
			sourceTree = "<group>";
		};
/* End PBXVariantGroup section */

/* Begin XCBuildConfiguration section */
		80F154831DF1D0C900A76E58 /* Debug */ = {
			isa = XCBuildConfiguration;
			buildSettings = {
				ALWAYS_SEARCH_USER_PATHS = NO;
				CLANG_ANALYZER_NONNULL = YES;
				CLANG_CXX_LANGUAGE_STANDARD = "gnu++0x";
				CLANG_CXX_LIBRARY = "libc++";
				CLANG_ENABLE_MODULES = YES;
				CLANG_ENABLE_OBJC_ARC = YES;
				CLANG_WARN_BOOL_CONVERSION = YES;
				CLANG_WARN_CONSTANT_CONVERSION = YES;
				CLANG_WARN_DIRECT_OBJC_ISA_USAGE = YES_ERROR;
				CLANG_WARN_DOCUMENTATION_COMMENTS = YES;
				CLANG_WARN_EMPTY_BODY = YES;
				CLANG_WARN_ENUM_CONVERSION = YES;
				CLANG_WARN_INFINITE_RECURSION = YES;
				CLANG_WARN_INT_CONVERSION = YES;
				CLANG_WARN_OBJC_ROOT_CLASS = YES_ERROR;
				CLANG_WARN_SUSPICIOUS_MOVES = YES;
				CLANG_WARN_UNREACHABLE_CODE = YES;
				CLANG_WARN__DUPLICATE_METHOD_MATCH = YES;
				"CODE_SIGN_IDENTITY[sdk=iphoneos*]" = "iPhone Developer";
				COPY_PHASE_STRIP = NO;
				DEBUG_INFORMATION_FORMAT = dwarf;
				ENABLE_STRICT_OBJC_MSGSEND = YES;
				ENABLE_TESTABILITY = YES;
				GCC_C_LANGUAGE_STANDARD = gnu99;
				GCC_DYNAMIC_NO_PIC = NO;
				GCC_NO_COMMON_BLOCKS = YES;
				GCC_OPTIMIZATION_LEVEL = 0;
				GCC_PREPROCESSOR_DEFINITIONS = (
					"DEBUG=1",
					"$(inherited)",
				);
				GCC_WARN_64_TO_32_BIT_CONVERSION = YES;
				GCC_WARN_ABOUT_RETURN_TYPE = YES_ERROR;
				GCC_WARN_UNDECLARED_SELECTOR = YES;
				GCC_WARN_UNINITIALIZED_AUTOS = YES_AGGRESSIVE;
				GCC_WARN_UNUSED_FUNCTION = YES;
				GCC_WARN_UNUSED_VARIABLE = YES;
				IPHONEOS_DEPLOYMENT_TARGET = 10.1;
				MTL_ENABLE_DEBUG_INFO = YES;
				ONLY_ACTIVE_ARCH = YES;
				SDKROOT = iphoneos;
				SWIFT_ACTIVE_COMPILATION_CONDITIONS = DEBUG;
				SWIFT_OPTIMIZATION_LEVEL = "-Onone";
				TARGETED_DEVICE_FAMILY = "1,2";
			};
			name = Debug;
		};
		80F154841DF1D0C900A76E58 /* Release */ = {
			isa = XCBuildConfiguration;
			buildSettings = {
				ALWAYS_SEARCH_USER_PATHS = NO;
				CLANG_ANALYZER_NONNULL = YES;
				CLANG_CXX_LANGUAGE_STANDARD = "gnu++0x";
				CLANG_CXX_LIBRARY = "libc++";
				CLANG_ENABLE_MODULES = YES;
				CLANG_ENABLE_OBJC_ARC = YES;
				CLANG_WARN_BOOL_CONVERSION = YES;
				CLANG_WARN_CONSTANT_CONVERSION = YES;
				CLANG_WARN_DIRECT_OBJC_ISA_USAGE = YES_ERROR;
				CLANG_WARN_DOCUMENTATION_COMMENTS = YES;
				CLANG_WARN_EMPTY_BODY = YES;
				CLANG_WARN_ENUM_CONVERSION = YES;
				CLANG_WARN_INFINITE_RECURSION = YES;
				CLANG_WARN_INT_CONVERSION = YES;
				CLANG_WARN_OBJC_ROOT_CLASS = YES_ERROR;
				CLANG_WARN_SUSPICIOUS_MOVES = YES;
				CLANG_WARN_UNREACHABLE_CODE = YES;
				CLANG_WARN__DUPLICATE_METHOD_MATCH = YES;
				"CODE_SIGN_IDENTITY[sdk=iphoneos*]" = "iPhone Developer";
				COPY_PHASE_STRIP = NO;
				DEBUG_INFORMATION_FORMAT = "dwarf-with-dsym";
				ENABLE_NS_ASSERTIONS = NO;
				ENABLE_STRICT_OBJC_MSGSEND = YES;
				GCC_C_LANGUAGE_STANDARD = gnu99;
				GCC_NO_COMMON_BLOCKS = YES;
				GCC_WARN_64_TO_32_BIT_CONVERSION = YES;
				GCC_WARN_ABOUT_RETURN_TYPE = YES_ERROR;
				GCC_WARN_UNDECLARED_SELECTOR = YES;
				GCC_WARN_UNINITIALIZED_AUTOS = YES_AGGRESSIVE;
				GCC_WARN_UNUSED_FUNCTION = YES;
				GCC_WARN_UNUSED_VARIABLE = YES;
				IPHONEOS_DEPLOYMENT_TARGET = 10.1;
				MTL_ENABLE_DEBUG_INFO = NO;
				SDKROOT = iphoneos;
				SWIFT_OPTIMIZATION_LEVEL = "-Owholemodule";
				TARGETED_DEVICE_FAMILY = "1,2";
				VALIDATE_PRODUCT = YES;
			};
			name = Release;
		};
		80F154861DF1D0C900A76E58 /* Debug */ = {
			isa = XCBuildConfiguration;
			buildSettings = {
				ASSETCATALOG_COMPILER_APPICON_NAME = AppIcon;
				DEVELOPMENT_TEAM = 579ZU6ZTGE;
				INFOPLIST_FILE = WeathAR/Info.plist;
				LD_RUNPATH_SEARCH_PATHS = "$(inherited) @executable_path/Frameworks";
				PRODUCT_BUNDLE_IDENTIFIER = com.DanielStagnaro.WeathAR;
				PRODUCT_NAME = "$(TARGET_NAME)";
				SWIFT_VERSION = 3.0;
			};
			name = Debug;
		};
		80F154871DF1D0C900A76E58 /* Release */ = {
			isa = XCBuildConfiguration;
			buildSettings = {
				ASSETCATALOG_COMPILER_APPICON_NAME = AppIcon;
				DEVELOPMENT_TEAM = 579ZU6ZTGE;
				INFOPLIST_FILE = WeathAR/Info.plist;
				LD_RUNPATH_SEARCH_PATHS = "$(inherited) @executable_path/Frameworks";
				PRODUCT_BUNDLE_IDENTIFIER = com.DanielStagnaro.WeathAR;
				PRODUCT_NAME = "$(TARGET_NAME)";
				SWIFT_VERSION = 3.0;
			};
			name = Release;
		};
/* End XCBuildConfiguration section */

/* Begin XCConfigurationList section */
		80F1546E1DF1D0C800A76E58 /* Build configuration list for PBXProject "WeathAR" */ = {
			isa = XCConfigurationList;
			buildConfigurations = (
				80F154831DF1D0C900A76E58 /* Debug */,
				80F154841DF1D0C900A76E58 /* Release */,
			);
			defaultConfigurationIsVisible = 0;
			defaultConfigurationName = Release;
		};
		80F154851DF1D0C900A76E58 /* Build configuration list for PBXNativeTarget "WeathAR" */ = {
			isa = XCConfigurationList;
			buildConfigurations = (
				80F154861DF1D0C900A76E58 /* Debug */,
				80F154871DF1D0C900A76E58 /* Release */,
			);
			defaultConfigurationIsVisible = 0;
			defaultConfigurationName = Release;
		};
/* End XCConfigurationList section */
	};
	rootObject = 80F1546B1DF1D0C800A76E58 /* Project object */;
}
